
Microsoft Visual Studio Solution File, Format Version 12.00
# Visual Studio Version 17
VisualStudioVersion = 17.4.33205.214
MinimumVisualStudioVersion = 10.0.40219.1
Project("{FAE04EC0-301F-11D3-BF4B-00C04F79EFBC}") = "Signal", "Signal.csproj", "{157CC0C4-3F71-41FC-AB54-23AF2C327FE4}"
EndProject
Global
	GlobalSection(SolutionConfigurationPlatforms) = preSolution
		Debug|Any CPU = Debug|Any CPU
		Release|Any CPU = Release|Any CPU
	EndGlobalSection
	GlobalSection(ProjectConfigurationPlatforms) = postSolution
		{157CC0C4-3F71-41FC-AB54-23AF2C327FE4}.Debug|Any CPU.ActiveCfg = Debug|Any CPU
		{157CC0C4-3F71-41FC-AB54-23AF2C327FE4}.Debug|Any CPU.Build.0 = Debug|Any CPU
		{157CC0C4-3F71-41FC-AB54-23AF2C327FE4}.Release|Any CPU.ActiveCfg = Release|Any CPU
		{157CC0C4-3F71-41FC-AB54-23AF2C327FE4}.Release|Any CPU.Build.0 = Release|Any CPU
	EndGlobalSection
	GlobalSection(SolutionProperties) = preSolution
		HideSolutionNode = FALSE
	EndGlobalSection
	GlobalSection(ExtensibilityGlobals) = postSolution
		SolutionGuid = {78A5665A-EF5B-4183-A38B-D73209923E23}
	EndGlobalSection
EndGlobal
